
Microsoft Visual Studio Solution File, Format Version 12.00
# Visual Studio Version 17
VisualStudioVersion = 17.14.36301.6
MinimumVisualStudioVersion = 10.0.40219.1
Project("{2150E333-8FDC-42A3-9474-1A3956D46DE8}") = "Microservices", "Microservices", "{02EA681E-C7D8-13C7-8484-4AC65E1B71E8}"
EndProject
Project("{2150E333-8FDC-42A3-9474-1A3956D46DE8}") = "ECommerceSystem", "ECommerceSystem", "{A52C5D2B-7FC5-4FE5-9945-10386291A05C}"
EndProject
Project("{2150E333-8FDC-42A3-9474-1A3956D46DE8}") = "ProductService", "ProductService", "{744EE2BA-CDC0-468C-8F41-7E6D2BE22AD5}"
EndProject
Project("{2150E333-8FDC-42A3-9474-1A3956D46DE8}") = "OrderService", "OrderService", "{61BF579E-5CB5-4337-AC5C-FB8145AEE01F}"
EndProject
Project("{2150E333-8FDC-42A3-9474-1A3956D46DE8}") = "PaymentService", "PaymentService", "{91071023-89D7-473E-A8FE-B5A9826939C1}"
EndProject
Project("{2150E333-8FDC-42A3-9474-1A3956D46DE8}") = "NotificationService", "NotificationService", "{2261AD7D-AA97-4F6A-83F2-2200FE83205F}"
EndProject
Project("{2150E333-8FDC-42A3-9474-1A3956D46DE8}") = "UserService", "UserService", "{64CE0621-6A08-423C-8D27-88874E08BD57}"
EndProject
Project("{2150E333-8FDC-42A3-9474-1A3956D46DE8}") = "WebAPI", "WebAPI", "{24DD00F0-0E40-4D9B-B773-3E11342EDC9A}"
EndProject
Project("{2150E333-8FDC-42A3-9474-1A3956D46DE8}") = "MVC", "MVC", "{A7C425FC-B5BE-4D27-B061-BC1B426F07AB}"
EndProject
Project("{FAE04EC0-301F-11D3-BF4B-00C04F79EFBC}") = "UserService.Infrastructure", "UserService.Infrastructure\UserService.Infrastructure.csproj", "{BC6CC1E1-C9EE-403A-A4D0-A6A9E3A643F6}"
EndProject
Project("{FAE04EC0-301F-11D3-BF4B-00C04F79EFBC}") = "UserService.Domain", "UserService.Domain\UserService.Domain.csproj", "{D68610CA-87C0-438C-9D20-096CFDD291EC}"
EndProject
Project("{FAE04EC0-301F-11D3-BF4B-00C04F79EFBC}") = "UserService.Application", "UserService.Application\UserService.Application.csproj", "{4D8566BE-B3F2-4E48-95CC-4A04FB6196CE}"
EndProject
Project("{FAE04EC0-301F-11D3-BF4B-00C04F79EFBC}") = "UserService.API", "UserService.API\UserService.API.csproj", "{9BDCB91D-0FF3-4AA1-A1AA-48F2B82D407A}"
EndProject
Project("{FAE04EC0-301F-11D3-BF4B-00C04F79EFBC}") = "UserService.Tests", "UserService.Tests\UserService.Tests.csproj", "{70E13F40-8341-4B4C-A79F-D33CF34887D5}"
EndProject
Project("{FAE04EC0-301F-11D3-BF4B-00C04F79EFBC}") = "ProductService.Domain", "ProductService.Domain\ProductService.Domain.csproj", "{CDACB890-F468-4533-8FB9-8C5F0D88498E}"
EndProject
Project("{FAE04EC0-301F-11D3-BF4B-00C04F79EFBC}") = "ProductService.Infrastructure", "ProductService.Infrastructure\ProductService.Infrastructure.csproj", "{B981AE8B-BFE6-4B06-ABF0-7C4ABA97A633}"
EndProject
Project("{FAE04EC0-301F-11D3-BF4B-00C04F79EFBC}") = "ProductService.Application", "ProductService.Application\ProductService.Application.csproj", "{84DDAFF3-C09F-4BBB-8119-3369E8595822}"
EndProject
Project("{FAE04EC0-301F-11D3-BF4B-00C04F79EFBC}") = "ProductService.API", "ProductService.API\ProductService.API.csproj", "{14BC4998-16E8-413E-B977-7948DBA244DF}"
EndProject
Project("{FAE04EC0-301F-11D3-BF4B-00C04F79EFBC}") = "ProductService.Tests", "ProductService.Tests\ProductService.Tests.csproj", "{A8CEEDD5-2E50-4144-8A11-2C9D9E6835C5}"
EndProject
Project("{FAE04EC0-301F-11D3-BF4B-00C04F79EFBC}") = "OrderService.Domain", "OrderService.Domain\OrderService.Domain.csproj", "{CD52D7E4-28A6-4FDF-A99A-1C39FC61428F}"
EndProject
Project("{FAE04EC0-301F-11D3-BF4B-00C04F79EFBC}") = "OrderService.Infrastructure", "OrderService.Infrastructure\OrderService.Infrastructure.csproj", "{BF094837-F0EE-4C12-9398-400AC4DE43BB}"
EndProject
Project("{FAE04EC0-301F-11D3-BF4B-00C04F79EFBC}") = "OrderService.Application", "OrderService.Application\OrderService.Application.csproj", "{1F5FF136-8792-4636-ABDA-822C3F8C8A62}"
EndProject
Project("{FAE04EC0-301F-11D3-BF4B-00C04F79EFBC}") = "OrderService.API", "OrderService.API\OrderService.API.csproj", "{592084A3-7705-46EE-A004-081DEE191DA2}"
EndProject
Project("{FAE04EC0-301F-11D3-BF4B-00C04F79EFBC}") = "OrderService.Tests", "OrderService.Tests\OrderService.Tests.csproj", "{ED33CBF4-4082-4C60-A541-380D752FBC41}"
EndProject
Project("{FAE04EC0-301F-11D3-BF4B-00C04F79EFBC}") = "PaymentService.Domain", "PaymentService.Domain\PaymentService.Domain.csproj", "{FBA9A09E-9722-4F25-824D-B25D4BFB4779}"
EndProject
Project("{FAE04EC0-301F-11D3-BF4B-00C04F79EFBC}") = "PaymentService.Infrastructure", "PaymentService.Infrastructure\PaymentService.Infrastructure.csproj", "{C22C075F-C338-4042-8444-20F0DBBAE265}"
EndProject
Project("{FAE04EC0-301F-11D3-BF4B-00C04F79EFBC}") = "PaymentService.Application", "PaymentService.Application\PaymentService.Application.csproj", "{30423846-3450-4320-95A7-2B2D44C509A4}"
EndProject
Project("{FAE04EC0-301F-11D3-BF4B-00C04F79EFBC}") = "PaymentService.API", "PaymentService.API\PaymentService.API.csproj", "{F64B0596-C635-47C5-9CF7-BA26F02E4520}"
EndProject
Project("{FAE04EC0-301F-11D3-BF4B-00C04F79EFBC}") = "PaymentService.Tests", "PaymentService.Tests\PaymentService.Tests.csproj", "{4078C335-A6F3-4BD2-959B-75081BC542C9}"
EndProject
Project("{FAE04EC0-301F-11D3-BF4B-00C04F79EFBC}") = "NotificationService.Domain", "NotificationService.Domain\NotificationService.Domain.csproj", "{B2857745-C2B0-4DF9-AAFC-91E75BD2B29C}"
EndProject
Project("{FAE04EC0-301F-11D3-BF4B-00C04F79EFBC}") = "NotificationService.Infrastructure", "NotificationService.Infrastructure\NotificationService.Infrastructure.csproj", "{826E8770-DC93-4DF5-A9EC-BB9A62FFE64D}"
EndProject
Project("{FAE04EC0-301F-11D3-BF4B-00C04F79EFBC}") = "NotificationService.Application", "NotificationService.Application\NotificationService.Application.csproj", "{B704D096-CAF4-4228-8D5D-941CC0E03110}"
EndProject
Project("{FAE04EC0-301F-11D3-BF4B-00C04F79EFBC}") = "NotificationService.API", "NotificationService.API\NotificationService.API.csproj", "{DBA06EA9-933C-40B3-8DEA-4DA554E3C3B4}"
EndProject
Project("{FAE04EC0-301F-11D3-BF4B-00C04F79EFBC}") = "NotificationService.Tests", "NotificationService.Tests\NotificationService.Tests.csproj", "{75CC9C10-C186-4BB0-A223-F1885DA5CA35}"
EndProject
Project("{2150E333-8FDC-42A3-9474-1A3956D46DE8}") = "Identity", "Identity", "{6403A928-7745-425F-A2E8-52731AD90E99}"
EndProject
Project("{2150E333-8FDC-42A3-9474-1A3956D46DE8}") = "eCommerce", "eCommerce", "{2F6BB3A8-4462-4DC2-B2D2-0CA05419EF5E}"
EndProject
Project("{2150E333-8FDC-42A3-9474-1A3956D46DE8}") = "Users", "Users", "{0EE06AAC-59BA-44B9-BAFB-1D9192A4E5D7}"
EndProject
Project("{2150E333-8FDC-42A3-9474-1A3956D46DE8}") = "Products", "Products", "{B6B3D6FA-B3BC-42D4-903B-B844AEF1891C}"
EndProject
Project("{2150E333-8FDC-42A3-9474-1A3956D46DE8}") = "Orders", "Orders", "{9A75EB89-C3F2-443C-8EA1-04119B3C46CB}"
EndProject
Project("{FAE04EC0-301F-11D3-BF4B-00C04F79EFBC}") = "eCommerce.API", "eCommerce.API\eCommerce.API.csproj", "{74BDCA94-DB62-4C01-8E2F-F3B77B19CE06}"
EndProject
Project("{FAE04EC0-301F-11D3-BF4B-00C04F79EFBC}") = "eCommerce.Core", "eCommerce.Core\eCommerce.Core.csproj", "{19700984-4379-4606-8A6B-2A43EBB9071C}"
EndProject
Project("{FAE04EC0-301F-11D3-BF4B-00C04F79EFBC}") = "eCommerce.Infrastructure", "eCommerce.Infrastructure\eCommerce.Infrastructure.csproj", "{8186FA8E-E4D6-4F65-90F2-569594B5A73C}"
EndProject
Project("{FAE04EC0-301F-11D3-BF4B-00C04F79EFBC}") = "BusinessLogicLayer", "BusinessLogicLayer\BusinessLogicLayer.csproj", "{EFA1937F-F6AE-403F-9C16-FAF0CAEFEE59}"
EndProject
Project("{FAE04EC0-301F-11D3-BF4B-00C04F79EFBC}") = "DataAccessLayer", "DataAccessLayer\DataAccessLayer.csproj", "{9FAC5B4D-7D00-49D8-A5F1-739090885E4F}"
EndProject
Project("{FAE04EC0-301F-11D3-BF4B-00C04F79EFBC}") = "ProductsMicroService.API", "ProductsMicroService.API\ProductsMicroService.API.csproj", "{E102F53B-4F41-4303-8D4B-203AF84D6AD3}"
EndProject
Project("{FAE04EC0-301F-11D3-BF4B-00C04F79EFBC}") = "BusinessLogicLayer", "Orders\BusinessLogicLayer\BusinessLogicLayer.csproj", "{EFD2BD66-9F53-4970-B0ED-64974006C0E9}"
EndProject
Project("{FAE04EC0-301F-11D3-BF4B-00C04F79EFBC}") = "DataAccessLayer", "Orders\DataAccessLayer\DataAccessLayer.csproj", "{8C5C33AC-9022-4E19-A276-7F72C2FA04E7}"
EndProject
Project("{FAE04EC0-301F-11D3-BF4B-00C04F79EFBC}") = "OrdersMicroservice.API", "Orders\OrdersMicroservice.API\OrdersMicroservice.API.csproj", "{CCD97743-CDAA-4821-8C1C-D112417959B3}"
EndProject
Global
	GlobalSection(SolutionConfigurationPlatforms) = preSolution
		Debug|Any CPU = Debug|Any CPU
		Release|Any CPU = Release|Any CPU
	EndGlobalSection
	GlobalSection(ProjectConfigurationPlatforms) = postSolution
		{BC6CC1E1-C9EE-403A-A4D0-A6A9E3A643F6}.Debug|Any CPU.ActiveCfg = Debug|Any CPU
		{BC6CC1E1-C9EE-403A-A4D0-A6A9E3A643F6}.Debug|Any CPU.Build.0 = Debug|Any CPU
		{BC6CC1E1-C9EE-403A-A4D0-A6A9E3A643F6}.Release|Any CPU.ActiveCfg = Release|Any CPU
		{BC6CC1E1-C9EE-403A-A4D0-A6A9E3A643F6}.Release|Any CPU.Build.0 = Release|Any CPU
		{D68610CA-87C0-438C-9D20-096CFDD291EC}.Debug|Any CPU.ActiveCfg = Debug|Any CPU
		{D68610CA-87C0-438C-9D20-096CFDD291EC}.Debug|Any CPU.Build.0 = Debug|Any CPU
		{D68610CA-87C0-438C-9D20-096CFDD291EC}.Release|Any CPU.ActiveCfg = Release|Any CPU
		{D68610CA-87C0-438C-9D20-096CFDD291EC}.Release|Any CPU.Build.0 = Release|Any CPU
		{4D8566BE-B3F2-4E48-95CC-4A04FB6196CE}.Debug|Any CPU.ActiveCfg = Debug|Any CPU
		{4D8566BE-B3F2-4E48-95CC-4A04FB6196CE}.Debug|Any CPU.Build.0 = Debug|Any CPU
		{4D8566BE-B3F2-4E48-95CC-4A04FB6196CE}.Release|Any CPU.ActiveCfg = Release|Any CPU
		{4D8566BE-B3F2-4E48-95CC-4A04FB6196CE}.Release|Any CPU.Build.0 = Release|Any CPU
		{9BDCB91D-0FF3-4AA1-A1AA-48F2B82D407A}.Debug|Any CPU.ActiveCfg = Debug|Any CPU
		{9BDCB91D-0FF3-4AA1-A1AA-48F2B82D407A}.Debug|Any CPU.Build.0 = Debug|Any CPU
		{9BDCB91D-0FF3-4AA1-A1AA-48F2B82D407A}.Release|Any CPU.ActiveCfg = Release|Any CPU
		{9BDCB91D-0FF3-4AA1-A1AA-48F2B82D407A}.Release|Any CPU.Build.0 = Release|Any CPU
		{70E13F40-8341-4B4C-A79F-D33CF34887D5}.Debug|Any CPU.ActiveCfg = Debug|Any CPU
		{70E13F40-8341-4B4C-A79F-D33CF34887D5}.Debug|Any CPU.Build.0 = Debug|Any CPU
		{70E13F40-8341-4B4C-A79F-D33CF34887D5}.Release|Any CPU.ActiveCfg = Release|Any CPU
		{70E13F40-8341-4B4C-A79F-D33CF34887D5}.Release|Any CPU.Build.0 = Release|Any CPU
		{CDACB890-F468-4533-8FB9-8C5F0D88498E}.Debug|Any CPU.ActiveCfg = Debug|Any CPU
		{CDACB890-F468-4533-8FB9-8C5F0D88498E}.Debug|Any CPU.Build.0 = Debug|Any CPU
		{CDACB890-F468-4533-8FB9-8C5F0D88498E}.Release|Any CPU.ActiveCfg = Release|Any CPU
		{CDACB890-F468-4533-8FB9-8C5F0D88498E}.Release|Any CPU.Build.0 = Release|Any CPU
		{B981AE8B-BFE6-4B06-ABF0-7C4ABA97A633}.Debug|Any CPU.ActiveCfg = Debug|Any CPU
		{B981AE8B-BFE6-4B06-ABF0-7C4ABA97A633}.Debug|Any CPU.Build.0 = Debug|Any CPU
		{B981AE8B-BFE6-4B06-ABF0-7C4ABA97A633}.Release|Any CPU.ActiveCfg = Release|Any CPU
		{B981AE8B-BFE6-4B06-ABF0-7C4ABA97A633}.Release|Any CPU.Build.0 = Release|Any CPU
		{84DDAFF3-C09F-4BBB-8119-3369E8595822}.Debug|Any CPU.ActiveCfg = Debug|Any CPU
		{84DDAFF3-C09F-4BBB-8119-3369E8595822}.Debug|Any CPU.Build.0 = Debug|Any CPU
		{84DDAFF3-C09F-4BBB-8119-3369E8595822}.Release|Any CPU.ActiveCfg = Release|Any CPU
		{84DDAFF3-C09F-4BBB-8119-3369E8595822}.Release|Any CPU.Build.0 = Release|Any CPU
		{14BC4998-16E8-413E-B977-7948DBA244DF}.Debug|Any CPU.ActiveCfg = Debug|Any CPU
		{14BC4998-16E8-413E-B977-7948DBA244DF}.Debug|Any CPU.Build.0 = Debug|Any CPU
		{14BC4998-16E8-413E-B977-7948DBA244DF}.Release|Any CPU.ActiveCfg = Release|Any CPU
		{14BC4998-16E8-413E-B977-7948DBA244DF}.Release|Any CPU.Build.0 = Release|Any CPU
		{A8CEEDD5-2E50-4144-8A11-2C9D9E6835C5}.Debug|Any CPU.ActiveCfg = Debug|Any CPU
		{A8CEEDD5-2E50-4144-8A11-2C9D9E6835C5}.Debug|Any CPU.Build.0 = Debug|Any CPU
		{A8CEEDD5-2E50-4144-8A11-2C9D9E6835C5}.Release|Any CPU.ActiveCfg = Release|Any CPU
		{A8CEEDD5-2E50-4144-8A11-2C9D9E6835C5}.Release|Any CPU.Build.0 = Release|Any CPU
		{CD52D7E4-28A6-4FDF-A99A-1C39FC61428F}.Debug|Any CPU.ActiveCfg = Debug|Any CPU
		{CD52D7E4-28A6-4FDF-A99A-1C39FC61428F}.Debug|Any CPU.Build.0 = Debug|Any CPU
		{CD52D7E4-28A6-4FDF-A99A-1C39FC61428F}.Release|Any CPU.ActiveCfg = Release|Any CPU
		{CD52D7E4-28A6-4FDF-A99A-1C39FC61428F}.Release|Any CPU.Build.0 = Release|Any CPU
		{BF094837-F0EE-4C12-9398-400AC4DE43BB}.Debug|Any CPU.ActiveCfg = Debug|Any CPU
		{BF094837-F0EE-4C12-9398-400AC4DE43BB}.Debug|Any CPU.Build.0 = Debug|Any CPU
		{BF094837-F0EE-4C12-9398-400AC4DE43BB}.Release|Any CPU.ActiveCfg = Release|Any CPU
		{BF094837-F0EE-4C12-9398-400AC4DE43BB}.Release|Any CPU.Build.0 = Release|Any CPU
		{1F5FF136-8792-4636-ABDA-822C3F8C8A62}.Debug|Any CPU.ActiveCfg = Debug|Any CPU
		{1F5FF136-8792-4636-ABDA-822C3F8C8A62}.Debug|Any CPU.Build.0 = Debug|Any CPU
		{1F5FF136-8792-4636-ABDA-822C3F8C8A62}.Release|Any CPU.ActiveCfg = Release|Any CPU
		{1F5FF136-8792-4636-ABDA-822C3F8C8A62}.Release|Any CPU.Build.0 = Release|Any CPU
		{592084A3-7705-46EE-A004-081DEE191DA2}.Debug|Any CPU.ActiveCfg = Debug|Any CPU
		{592084A3-7705-46EE-A004-081DEE191DA2}.Debug|Any CPU.Build.0 = Debug|Any CPU
		{592084A3-7705-46EE-A004-081DEE191DA2}.Release|Any CPU.ActiveCfg = Release|Any CPU
		{592084A3-7705-46EE-A004-081DEE191DA2}.Release|Any CPU.Build.0 = Release|Any CPU
		{ED33CBF4-4082-4C60-A541-380D752FBC41}.Debug|Any CPU.ActiveCfg = Debug|Any CPU
		{ED33CBF4-4082-4C60-A541-380D752FBC41}.Debug|Any CPU.Build.0 = Debug|Any CPU
		{ED33CBF4-4082-4C60-A541-380D752FBC41}.Release|Any CPU.ActiveCfg = Release|Any CPU
		{ED33CBF4-4082-4C60-A541-380D752FBC41}.Release|Any CPU.Build.0 = Release|Any CPU
		{FBA9A09E-9722-4F25-824D-B25D4BFB4779}.Debug|Any CPU.ActiveCfg = Debug|Any CPU
		{FBA9A09E-9722-4F25-824D-B25D4BFB4779}.Debug|Any CPU.Build.0 = Debug|Any CPU
		{FBA9A09E-9722-4F25-824D-B25D4BFB4779}.Release|Any CPU.ActiveCfg = Release|Any CPU
		{FBA9A09E-9722-4F25-824D-B25D4BFB4779}.Release|Any CPU.Build.0 = Release|Any CPU
		{C22C075F-C338-4042-8444-20F0DBBAE265}.Debug|Any CPU.ActiveCfg = Debug|Any CPU
		{C22C075F-C338-4042-8444-20F0DBBAE265}.Debug|Any CPU.Build.0 = Debug|Any CPU
		{C22C075F-C338-4042-8444-20F0DBBAE265}.Release|Any CPU.ActiveCfg = Release|Any CPU
		{C22C075F-C338-4042-8444-20F0DBBAE265}.Release|Any CPU.Build.0 = Release|Any CPU
		{30423846-3450-4320-95A7-2B2D44C509A4}.Debug|Any CPU.ActiveCfg = Debug|Any CPU
		{30423846-3450-4320-95A7-2B2D44C509A4}.Debug|Any CPU.Build.0 = Debug|Any CPU
		{30423846-3450-4320-95A7-2B2D44C509A4}.Release|Any CPU.ActiveCfg = Release|Any CPU
		{30423846-3450-4320-95A7-2B2D44C509A4}.Release|Any CPU.Build.0 = Release|Any CPU
		{F64B0596-C635-47C5-9CF7-BA26F02E4520}.Debug|Any CPU.ActiveCfg = Debug|Any CPU
		{F64B0596-C635-47C5-9CF7-BA26F02E4520}.Debug|Any CPU.Build.0 = Debug|Any CPU
		{F64B0596-C635-47C5-9CF7-BA26F02E4520}.Release|Any CPU.ActiveCfg = Release|Any CPU
		{F64B0596-C635-47C5-9CF7-BA26F02E4520}.Release|Any CPU.Build.0 = Release|Any CPU
		{4078C335-A6F3-4BD2-959B-75081BC542C9}.Debug|Any CPU.ActiveCfg = Debug|Any CPU
		{4078C335-A6F3-4BD2-959B-75081BC542C9}.Debug|Any CPU.Build.0 = Debug|Any CPU
		{4078C335-A6F3-4BD2-959B-75081BC542C9}.Release|Any CPU.ActiveCfg = Release|Any CPU
		{4078C335-A6F3-4BD2-959B-75081BC542C9}.Release|Any CPU.Build.0 = Release|Any CPU
		{B2857745-C2B0-4DF9-AAFC-91E75BD2B29C}.Debug|Any CPU.ActiveCfg = Debug|Any CPU
		{B2857745-C2B0-4DF9-AAFC-91E75BD2B29C}.Debug|Any CPU.Build.0 = Debug|Any CPU
		{B2857745-C2B0-4DF9-AAFC-91E75BD2B29C}.Release|Any CPU.ActiveCfg = Release|Any CPU
		{B2857745-C2B0-4DF9-AAFC-91E75BD2B29C}.Release|Any CPU.Build.0 = Release|Any CPU
		{826E8770-DC93-4DF5-A9EC-BB9A62FFE64D}.Debug|Any CPU.ActiveCfg = Debug|Any CPU
		{826E8770-DC93-4DF5-A9EC-BB9A62FFE64D}.Debug|Any CPU.Build.0 = Debug|Any CPU
		{826E8770-DC93-4DF5-A9EC-BB9A62FFE64D}.Release|Any CPU.ActiveCfg = Release|Any CPU
		{826E8770-DC93-4DF5-A9EC-BB9A62FFE64D}.Release|Any CPU.Build.0 = Release|Any CPU
		{B704D096-CAF4-4228-8D5D-941CC0E03110}.Debug|Any CPU.ActiveCfg = Debug|Any CPU
		{B704D096-CAF4-4228-8D5D-941CC0E03110}.Debug|Any CPU.Build.0 = Debug|Any CPU
		{B704D096-CAF4-4228-8D5D-941CC0E03110}.Release|Any CPU.ActiveCfg = Release|Any CPU
		{B704D096-CAF4-4228-8D5D-941CC0E03110}.Release|Any CPU.Build.0 = Release|Any CPU
		{DBA06EA9-933C-40B3-8DEA-4DA554E3C3B4}.Debug|Any CPU.ActiveCfg = Debug|Any CPU
		{DBA06EA9-933C-40B3-8DEA-4DA554E3C3B4}.Debug|Any CPU.Build.0 = Debug|Any CPU
		{DBA06EA9-933C-40B3-8DEA-4DA554E3C3B4}.Release|Any CPU.ActiveCfg = Release|Any CPU
		{DBA06EA9-933C-40B3-8DEA-4DA554E3C3B4}.Release|Any CPU.Build.0 = Release|Any CPU
		{75CC9C10-C186-4BB0-A223-F1885DA5CA35}.Debug|Any CPU.ActiveCfg = Debug|Any CPU
		{75CC9C10-C186-4BB0-A223-F1885DA5CA35}.Debug|Any CPU.Build.0 = Debug|Any CPU
		{75CC9C10-C186-4BB0-A223-F1885DA5CA35}.Release|Any CPU.ActiveCfg = Release|Any CPU
		{75CC9C10-C186-4BB0-A223-F1885DA5CA35}.Release|Any CPU.Build.0 = Release|Any CPU
		{74BDCA94-DB62-4C01-8E2F-F3B77B19CE06}.Debug|Any CPU.ActiveCfg = Debug|Any CPU
		{74BDCA94-DB62-4C01-8E2F-F3B77B19CE06}.Debug|Any CPU.Build.0 = Debug|Any CPU
		{74BDCA94-DB62-4C01-8E2F-F3B77B19CE06}.Release|Any CPU.ActiveCfg = Release|Any CPU
		{74BDCA94-DB62-4C01-8E2F-F3B77B19CE06}.Release|Any CPU.Build.0 = Release|Any CPU
		{19700984-4379-4606-8A6B-2A43EBB9071C}.Debug|Any CPU.ActiveCfg = Debug|Any CPU
		{19700984-4379-4606-8A6B-2A43EBB9071C}.Debug|Any CPU.Build.0 = Debug|Any CPU
		{19700984-4379-4606-8A6B-2A43EBB9071C}.Release|Any CPU.ActiveCfg = Release|Any CPU
		{19700984-4379-4606-8A6B-2A43EBB9071C}.Release|Any CPU.Build.0 = Release|Any CPU
		{8186FA8E-E4D6-4F65-90F2-569594B5A73C}.Debug|Any CPU.ActiveCfg = Debug|Any CPU
		{8186FA8E-E4D6-4F65-90F2-569594B5A73C}.Debug|Any CPU.Build.0 = Debug|Any CPU
		{8186FA8E-E4D6-4F65-90F2-569594B5A73C}.Release|Any CPU.ActiveCfg = Release|Any CPU
		{8186FA8E-E4D6-4F65-90F2-569594B5A73C}.Release|Any CPU.Build.0 = Release|Any CPU
		{EFA1937F-F6AE-403F-9C16-FAF0CAEFEE59}.Debug|Any CPU.ActiveCfg = Debug|Any CPU
		{EFA1937F-F6AE-403F-9C16-FAF0CAEFEE59}.Debug|Any CPU.Build.0 = Debug|Any CPU
		{EFA1937F-F6AE-403F-9C16-FAF0CAEFEE59}.Release|Any CPU.ActiveCfg = Release|Any CPU
		{EFA1937F-F6AE-403F-9C16-FAF0CAEFEE59}.Release|Any CPU.Build.0 = Release|Any CPU
		{9FAC5B4D-7D00-49D8-A5F1-739090885E4F}.Debug|Any CPU.ActiveCfg = Debug|Any CPU
		{9FAC5B4D-7D00-49D8-A5F1-739090885E4F}.Debug|Any CPU.Build.0 = Debug|Any CPU
		{9FAC5B4D-7D00-49D8-A5F1-739090885E4F}.Release|Any CPU.ActiveCfg = Release|Any CPU
		{9FAC5B4D-7D00-49D8-A5F1-739090885E4F}.Release|Any CPU.Build.0 = Release|Any CPU
		{E102F53B-4F41-4303-8D4B-203AF84D6AD3}.Debug|Any CPU.ActiveCfg = Debug|Any CPU
		{E102F53B-4F41-4303-8D4B-203AF84D6AD3}.Debug|Any CPU.Build.0 = Debug|Any CPU
		{E102F53B-4F41-4303-8D4B-203AF84D6AD3}.Release|Any CPU.ActiveCfg = Release|Any CPU
		{E102F53B-4F41-4303-8D4B-203AF84D6AD3}.Release|Any CPU.Build.0 = Release|Any CPU
		{EFD2BD66-9F53-4970-B0ED-64974006C0E9}.Debug|Any CPU.ActiveCfg = Debug|Any CPU
		{EFD2BD66-9F53-4970-B0ED-64974006C0E9}.Debug|Any CPU.Build.0 = Debug|Any CPU
		{EFD2BD66-9F53-4970-B0ED-64974006C0E9}.Release|Any CPU.ActiveCfg = Release|Any CPU
		{EFD2BD66-9F53-4970-B0ED-64974006C0E9}.Release|Any CPU.Build.0 = Release|Any CPU
		{8C5C33AC-9022-4E19-A276-7F72C2FA04E7}.Debug|Any CPU.ActiveCfg = Debug|Any CPU
		{8C5C33AC-9022-4E19-A276-7F72C2FA04E7}.Debug|Any CPU.Build.0 = Debug|Any CPU
		{8C5C33AC-9022-4E19-A276-7F72C2FA04E7}.Release|Any CPU.ActiveCfg = Release|Any CPU
		{8C5C33AC-9022-4E19-A276-7F72C2FA04E7}.Release|Any CPU.Build.0 = Release|Any CPU
		{CCD97743-CDAA-4821-8C1C-D112417959B3}.Debug|Any CPU.ActiveCfg = Debug|Any CPU
		{CCD97743-CDAA-4821-8C1C-D112417959B3}.Debug|Any CPU.Build.0 = Debug|Any CPU
		{CCD97743-CDAA-4821-8C1C-D112417959B3}.Release|Any CPU.ActiveCfg = Release|Any CPU
		{CCD97743-CDAA-4821-8C1C-D112417959B3}.Release|Any CPU.Build.0 = Release|Any CPU
	EndGlobalSection
	GlobalSection(SolutionProperties) = preSolution
		HideSolutionNode = FALSE
	EndGlobalSection
	GlobalSection(NestedProjects) = preSolution
		{A52C5D2B-7FC5-4FE5-9945-10386291A05C} = {02EA681E-C7D8-13C7-8484-4AC65E1B71E8}
		{744EE2BA-CDC0-468C-8F41-7E6D2BE22AD5} = {A52C5D2B-7FC5-4FE5-9945-10386291A05C}
		{61BF579E-5CB5-4337-AC5C-FB8145AEE01F} = {A52C5D2B-7FC5-4FE5-9945-10386291A05C}
		{91071023-89D7-473E-A8FE-B5A9826939C1} = {A52C5D2B-7FC5-4FE5-9945-10386291A05C}
		{2261AD7D-AA97-4F6A-83F2-2200FE83205F} = {A52C5D2B-7FC5-4FE5-9945-10386291A05C}
		{64CE0621-6A08-423C-8D27-88874E08BD57} = {A52C5D2B-7FC5-4FE5-9945-10386291A05C}
		{BC6CC1E1-C9EE-403A-A4D0-A6A9E3A643F6} = {64CE0621-6A08-423C-8D27-88874E08BD57}
		{D68610CA-87C0-438C-9D20-096CFDD291EC} = {64CE0621-6A08-423C-8D27-88874E08BD57}
		{4D8566BE-B3F2-4E48-95CC-4A04FB6196CE} = {64CE0621-6A08-423C-8D27-88874E08BD57}
		{9BDCB91D-0FF3-4AA1-A1AA-48F2B82D407A} = {64CE0621-6A08-423C-8D27-88874E08BD57}
		{70E13F40-8341-4B4C-A79F-D33CF34887D5} = {64CE0621-6A08-423C-8D27-88874E08BD57}
		{CDACB890-F468-4533-8FB9-8C5F0D88498E} = {744EE2BA-CDC0-468C-8F41-7E6D2BE22AD5}
		{B981AE8B-BFE6-4B06-ABF0-7C4ABA97A633} = {744EE2BA-CDC0-468C-8F41-7E6D2BE22AD5}
		{84DDAFF3-C09F-4BBB-8119-3369E8595822} = {744EE2BA-CDC0-468C-8F41-7E6D2BE22AD5}
		{14BC4998-16E8-413E-B977-7948DBA244DF} = {744EE2BA-CDC0-468C-8F41-7E6D2BE22AD5}
		{A8CEEDD5-2E50-4144-8A11-2C9D9E6835C5} = {744EE2BA-CDC0-468C-8F41-7E6D2BE22AD5}
		{CD52D7E4-28A6-4FDF-A99A-1C39FC61428F} = {61BF579E-5CB5-4337-AC5C-FB8145AEE01F}
		{BF094837-F0EE-4C12-9398-400AC4DE43BB} = {61BF579E-5CB5-4337-AC5C-FB8145AEE01F}
		{1F5FF136-8792-4636-ABDA-822C3F8C8A62} = {61BF579E-5CB5-4337-AC5C-FB8145AEE01F}
		{592084A3-7705-46EE-A004-081DEE191DA2} = {61BF579E-5CB5-4337-AC5C-FB8145AEE01F}
		{ED33CBF4-4082-4C60-A541-380D752FBC41} = {61BF579E-5CB5-4337-AC5C-FB8145AEE01F}
		{FBA9A09E-9722-4F25-824D-B25D4BFB4779} = {91071023-89D7-473E-A8FE-B5A9826939C1}
		{C22C075F-C338-4042-8444-20F0DBBAE265} = {91071023-89D7-473E-A8FE-B5A9826939C1}
		{30423846-3450-4320-95A7-2B2D44C509A4} = {91071023-89D7-473E-A8FE-B5A9826939C1}
		{F64B0596-C635-47C5-9CF7-BA26F02E4520} = {91071023-89D7-473E-A8FE-B5A9826939C1}
		{4078C335-A6F3-4BD2-959B-75081BC542C9} = {91071023-89D7-473E-A8FE-B5A9826939C1}
		{B2857745-C2B0-4DF9-AAFC-91E75BD2B29C} = {2261AD7D-AA97-4F6A-83F2-2200FE83205F}
		{826E8770-DC93-4DF5-A9EC-BB9A62FFE64D} = {2261AD7D-AA97-4F6A-83F2-2200FE83205F}
		{B704D096-CAF4-4228-8D5D-941CC0E03110} = {2261AD7D-AA97-4F6A-83F2-2200FE83205F}
		{DBA06EA9-933C-40B3-8DEA-4DA554E3C3B4} = {2261AD7D-AA97-4F6A-83F2-2200FE83205F}
		{75CC9C10-C186-4BB0-A223-F1885DA5CA35} = {2261AD7D-AA97-4F6A-83F2-2200FE83205F}
		{2F6BB3A8-4462-4DC2-B2D2-0CA05419EF5E} = {02EA681E-C7D8-13C7-8484-4AC65E1B71E8}
		{0EE06AAC-59BA-44B9-BAFB-1D9192A4E5D7} = {2F6BB3A8-4462-4DC2-B2D2-0CA05419EF5E}
		{B6B3D6FA-B3BC-42D4-903B-B844AEF1891C} = {2F6BB3A8-4462-4DC2-B2D2-0CA05419EF5E}
		{9A75EB89-C3F2-443C-8EA1-04119B3C46CB} = {2F6BB3A8-4462-4DC2-B2D2-0CA05419EF5E}
		{74BDCA94-DB62-4C01-8E2F-F3B77B19CE06} = {0EE06AAC-59BA-44B9-BAFB-1D9192A4E5D7}
		{19700984-4379-4606-8A6B-2A43EBB9071C} = {0EE06AAC-59BA-44B9-BAFB-1D9192A4E5D7}
		{8186FA8E-E4D6-4F65-90F2-569594B5A73C} = {0EE06AAC-59BA-44B9-BAFB-1D9192A4E5D7}
		{EFA1937F-F6AE-403F-9C16-FAF0CAEFEE59} = {B6B3D6FA-B3BC-42D4-903B-B844AEF1891C}
		{9FAC5B4D-7D00-49D8-A5F1-739090885E4F} = {B6B3D6FA-B3BC-42D4-903B-B844AEF1891C}
		{E102F53B-4F41-4303-8D4B-203AF84D6AD3} = {B6B3D6FA-B3BC-42D4-903B-B844AEF1891C}
		{EFD2BD66-9F53-4970-B0ED-64974006C0E9} = {9A75EB89-C3F2-443C-8EA1-04119B3C46CB}
		{8C5C33AC-9022-4E19-A276-7F72C2FA04E7} = {9A75EB89-C3F2-443C-8EA1-04119B3C46CB}
		{CCD97743-CDAA-4821-8C1C-D112417959B3} = {9A75EB89-C3F2-443C-8EA1-04119B3C46CB}
	EndGlobalSection
	GlobalSection(ExtensibilityGlobals) = postSolution
		SolutionGuid = {1DC55F9E-2862-47D4-99EB-3D9A75C58EC7}
	EndGlobalSection
EndGlobal
